
Microsoft Visual Studio Solution File, Format Version 12.00
# Visual Studio Version 17
VisualStudioVersion = 17.7.34009.444
MinimumVisualStudioVersion = 10.0.40219.1
Project("{F184B08F-C81C-45F6-A57F-5ABD9991F28F}") = "Apillanes_Activity5", "Apillanes_Activity5.vbproj", "{D7F04476-F67D-4632-B19F-8A94330E3FF5}"
EndProject
Global
	GlobalSection(SolutionConfigurationPlatforms) = preSolution
		Debug|Any CPU = Debug|Any CPU
		Release|Any CPU = Release|Any CPU
	EndGlobalSection
	GlobalSection(ProjectConfigurationPlatforms) = postSolution
		{D7F04476-F67D-4632-B19F-8A94330E3FF5}.Debug|Any CPU.ActiveCfg = Debug|Any CPU
		{D7F04476-F67D-4632-B19F-8A94330E3FF5}.Debug|Any CPU.Build.0 = Debug|Any CPU
		{D7F04476-F67D-4632-B19F-8A94330E3FF5}.Release|Any CPU.ActiveCfg = Release|Any CPU
		{D7F04476-F67D-4632-B19F-8A94330E3FF5}.Release|Any CPU.Build.0 = Release|Any CPU
	EndGlobalSection
	GlobalSection(SolutionProperties) = preSolution
		HideSolutionNode = FALSE
	EndGlobalSection
	GlobalSection(ExtensibilityGlobals) = postSolution
		SolutionGuid = {E8E5C6F9-89B2-4CD5-8E98-D67C69C07994}
	EndGlobalSection
EndGlobal
